
Microsoft Visual Studio Solution File, Format Version 12.00
# Visual Studio Version 16
VisualStudioVersion = 16.0.29926.136
MinimumVisualStudioVersion = 10.0.40219.1
Project("{FAE04EC0-301F-11D3-BF4B-00C04F79EFBC}") = "JQuery_MVC", "JQuery_MVC\JQuery_MVC.csproj", "{D49029EA-E17E-412B-88A3-A9DCC9F6161A}"
EndProject
Global
	GlobalSection(SolutionConfigurationPlatforms) = preSolution
		Debug|Any CPU = Debug|Any CPU
		Release|Any CPU = Release|Any CPU
	EndGlobalSection
	GlobalSection(ProjectConfigurationPlatforms) = postSolution
		{D49029EA-E17E-412B-88A3-A9DCC9F6161A}.Debug|Any CPU.ActiveCfg = Debug|Any CPU
		{D49029EA-E17E-412B-88A3-A9DCC9F6161A}.Debug|Any CPU.Build.0 = Debug|Any CPU
		{D49029EA-E17E-412B-88A3-A9DCC9F6161A}.Release|Any CPU.ActiveCfg = Release|Any CPU
		{D49029EA-E17E-412B-88A3-A9DCC9F6161A}.Release|Any CPU.Build.0 = Release|Any CPU
	EndGlobalSection
	GlobalSection(SolutionProperties) = preSolution
		HideSolutionNode = FALSE
	EndGlobalSection
	GlobalSection(ExtensibilityGlobals) = postSolution
		SolutionGuid = {F2D9D3B5-6FA3-4BEB-BEFE-2905EC8F18F6}
	EndGlobalSection
EndGlobal
